
Microsoft Visual Studio Solution File, Format Version 12.00
# Visual Studio Version 16
VisualStudioVersion = 16.0.30204.135
MinimumVisualStudioVersion = 10.0.40219.1
Project("{8BC9CEB8-8B4A-11D0-8D11-00A0C91BC942}") = "Goldov_4", "Goldov_4\Goldov_4.vcxproj", "{70C1945D-51D5-4277-A652-A30001ACCCC2}"
EndProject
Global
	GlobalSection(SolutionConfigurationPlatforms) = preSolution
		Debug|x64 = Debug|x64
		Debug|x86 = Debug|x86
		Release|x64 = Release|x64
		Release|x86 = Release|x86
	EndGlobalSection
	GlobalSection(ProjectConfigurationPlatforms) = postSolution
		{70C1945D-51D5-4277-A652-A30001ACCCC2}.Debug|x64.ActiveCfg = Debug|x64
		{70C1945D-51D5-4277-A652-A30001ACCCC2}.Debug|x64.Build.0 = Debug|x64
		{70C1945D-51D5-4277-A652-A30001ACCCC2}.Debug|x86.ActiveCfg = Debug|Win32
		{70C1945D-51D5-4277-A652-A30001ACCCC2}.Debug|x86.Build.0 = Debug|Win32
		{70C1945D-51D5-4277-A652-A30001ACCCC2}.Release|x64.ActiveCfg = Release|x64
		{70C1945D-51D5-4277-A652-A30001ACCCC2}.Release|x64.Build.0 = Release|x64
		{70C1945D-51D5-4277-A652-A30001ACCCC2}.Release|x86.ActiveCfg = Release|Win32
		{70C1945D-51D5-4277-A652-A30001ACCCC2}.Release|x86.Build.0 = Release|Win32
	EndGlobalSection
	GlobalSection(SolutionProperties) = preSolution
		HideSolutionNode = FALSE
	EndGlobalSection
	GlobalSection(ExtensibilityGlobals) = postSolution
		SolutionGuid = {05D66DCB-DFCB-49B7-8D1D-6BD303640CDC}
	EndGlobalSection
EndGlobal
